
Microsoft Visual Studio Solution File, Format Version 12.00
# Visual Studio Version 16
VisualStudioVersion = 16.0.29708.43
MinimumVisualStudioVersion = 10.0.40219.1
Project("{FAE04EC0-301F-11D3-BF4B-00C04F79EFBC}") = "ConsoleApp6", "ConsoleApp6\ConsoleApp6.csproj", "{5511532A-B098-4FD7-AFBB-C3C395E3E44D}"
EndProject
Global
	GlobalSection(SolutionConfigurationPlatforms) = preSolution
		Debug|Any CPU = Debug|Any CPU
		Release|Any CPU = Release|Any CPU
	EndGlobalSection
	GlobalSection(ProjectConfigurationPlatforms) = postSolution
		{5511532A-B098-4FD7-AFBB-C3C395E3E44D}.Debug|Any CPU.ActiveCfg = Debug|Any CPU
		{5511532A-B098-4FD7-AFBB-C3C395E3E44D}.Debug|Any CPU.Build.0 = Debug|Any CPU
		{5511532A-B098-4FD7-AFBB-C3C395E3E44D}.Release|Any CPU.ActiveCfg = Release|Any CPU
		{5511532A-B098-4FD7-AFBB-C3C395E3E44D}.Release|Any CPU.Build.0 = Release|Any CPU
	EndGlobalSection
	GlobalSection(SolutionProperties) = preSolution
		HideSolutionNode = FALSE
	EndGlobalSection
	GlobalSection(ExtensibilityGlobals) = postSolution
		SolutionGuid = {04325173-BF33-44AD-8684-061FFA1B9206}
	EndGlobalSection
EndGlobal
